# THIS IS AN AUTOGENERATED FILE. DO NOT EDIT THIS FILE DIRECTLY.
# yarn lockfile v1


react-native-device-info@^5.4.2:
  version "5.4.2"
  resolved "https://registry.yarnpkg.com/react-native-device-info/-/react-native-device-info-5.4.2.tgz#a6df2eb4f05dffdebeac7c33f8a8f5a2ae611545"
  integrity sha512-KJWdyASUe1tfyYOHBa6csjQoRU4AbM0QNxGL3uR+nD+7P/q4gpjvH2Mq7v939NkFvcE6p7+AxE3tjbWgyDbUiw==
