# THIS IS AN AUTOGENERATED FILE. DO NOT EDIT THIS FILE DIRECTLY.
# yarn lockfile v1


react-native-device-info@^5.5.4:
  version "5.5.4"
  resolved "https://registry.yarnpkg.com/react-native-device-info/-/react-native-device-info-5.5.4.tgz#470770db4e8a35c55b8269473d81790102074057"
  integrity sha512-koR7ZvL4V+34GwhjQxb3PNZLElpEzAvDG5AE4KIc70ufKMEHJL9VCpRXBMelihlA0u9PlYzuMgBs7tovNRAzFw==
