# THIS IS AN AUTOGENERATED FILE. DO NOT EDIT THIS FILE DIRECTLY.
# yarn lockfile v1


react-native-device-info@^2.0.1:
  version "2.0.1"
  resolved "https://registry.yarnpkg.com/react-native-device-info/-/react-native-device-info-2.0.1.tgz#88b4f87b199e4be6810b9dfbecb6fcfce1c33018"
  integrity sha512-Np9AgcPDhAIC/0QTMccFUmXWWjHABjgjmbxv9nOqwvu4gC2YXynq6/gR0bJpiZXO02TGQnIL4SZoNaerQgYmGQ==
